
Microsoft Visual Studio Solution File, Format Version 12.00
# Visual Studio 15
VisualStudioVersion = 15.0.26730.8
MinimumVisualStudioVersion = 10.0.40219.1
Project("{FAE04EC0-301F-11D3-BF4B-00C04F79EFBC}") = "ProInterfaceFracttal", "ProInterfaceFracttal\ProInterfaceFracttal.csproj", "{8BD6FB6A-0781-48C3-85F4-5BA2FB489E6C}"
EndProject
Global
	GlobalSection(SolutionConfigurationPlatforms) = preSolution
		Debug|Any CPU = Debug|Any CPU
		Debug|x86 = Debug|x86
		Release|Any CPU = Release|Any CPU
		Release|x86 = Release|x86
	EndGlobalSection
	GlobalSection(ProjectConfigurationPlatforms) = postSolution
		{8BD6FB6A-0781-48C3-85F4-5BA2FB489E6C}.Debug|Any CPU.ActiveCfg = Debug|Any CPU
		{8BD6FB6A-0781-48C3-85F4-5BA2FB489E6C}.Debug|Any CPU.Build.0 = Debug|Any CPU
		{8BD6FB6A-0781-48C3-85F4-5BA2FB489E6C}.Debug|x86.ActiveCfg = Debug|x86
		{8BD6FB6A-0781-48C3-85F4-5BA2FB489E6C}.Debug|x86.Build.0 = Debug|x86
		{8BD6FB6A-0781-48C3-85F4-5BA2FB489E6C}.Release|Any CPU.ActiveCfg = Release|Any CPU
		{8BD6FB6A-0781-48C3-85F4-5BA2FB489E6C}.Release|Any CPU.Build.0 = Release|Any CPU
		{8BD6FB6A-0781-48C3-85F4-5BA2FB489E6C}.Release|x86.ActiveCfg = Release|x86
		{8BD6FB6A-0781-48C3-85F4-5BA2FB489E6C}.Release|x86.Build.0 = Release|x86
	EndGlobalSection
	GlobalSection(SolutionProperties) = preSolution
		HideSolutionNode = FALSE
	EndGlobalSection
	GlobalSection(ExtensibilityGlobals) = postSolution
		SolutionGuid = {925DE2B1-FEB6-4E69-9967-854FE18420C7}
	EndGlobalSection
EndGlobal
